
Microsoft Visual Studio Solution File, Format Version 12.00
# Visual Studio Version 16
VisualStudioVersion = 16.0.29102.190
MinimumVisualStudioVersion = 10.0.40219.1
Project("{FAE04EC0-301F-11D3-BF4B-00C04F79EFBC}") = "Entities", "Entities\Entities.csproj", "{74C2F5DC-8123-4753-813B-8A45658B629D}"
EndProject
Project("{FAE04EC0-301F-11D3-BF4B-00C04F79EFBC}") = "DAO", "DAO\DAO.csproj", "{CE2D3C10-CFE3-47F9-9535-16579AFB3BB9}"
EndProject
Project("{FAE04EC0-301F-11D3-BF4B-00C04F79EFBC}") = "BO", "BO\BO.csproj", "{99D6EF2B-B1AF-42DE-A152-D27C6D9EFAC9}"
EndProject
Project("{FAE04EC0-301F-11D3-BF4B-00C04F79EFBC}") = "Apresentacao", "Apresentacao\Apresentacao.csproj", "{05300AD8-1CDD-4749-BA8F-3EFE70457AD8}"
EndProject
Project("{FAE04EC0-301F-11D3-BF4B-00C04F79EFBC}") = "Shared", "Shared\Shared.csproj", "{6B070998-F60C-4FD4-966F-CDD553D54E16}"
EndProject
Project("{FAE04EC0-301F-11D3-BF4B-00C04F79EFBC}") = "AMBEV.AS.Utils", "AMBEV.AS.Utils\AMBEV.AS.Utils.csproj", "{82AD31E4-2C19-490B-B6AB-AFB1F9278A37}"
EndProject
Global
	GlobalSection(SolutionConfigurationPlatforms) = preSolution
		Debug|Any CPU = Debug|Any CPU
		Release|Any CPU = Release|Any CPU
	EndGlobalSection
	GlobalSection(ProjectConfigurationPlatforms) = postSolution
		{74C2F5DC-8123-4753-813B-8A45658B629D}.Debug|Any CPU.ActiveCfg = Debug|Any CPU
		{74C2F5DC-8123-4753-813B-8A45658B629D}.Debug|Any CPU.Build.0 = Debug|Any CPU
		{74C2F5DC-8123-4753-813B-8A45658B629D}.Release|Any CPU.ActiveCfg = Release|Any CPU
		{74C2F5DC-8123-4753-813B-8A45658B629D}.Release|Any CPU.Build.0 = Release|Any CPU
		{CE2D3C10-CFE3-47F9-9535-16579AFB3BB9}.Debug|Any CPU.ActiveCfg = Debug|Any CPU
		{CE2D3C10-CFE3-47F9-9535-16579AFB3BB9}.Debug|Any CPU.Build.0 = Debug|Any CPU
		{CE2D3C10-CFE3-47F9-9535-16579AFB3BB9}.Release|Any CPU.ActiveCfg = Release|Any CPU
		{CE2D3C10-CFE3-47F9-9535-16579AFB3BB9}.Release|Any CPU.Build.0 = Release|Any CPU
		{99D6EF2B-B1AF-42DE-A152-D27C6D9EFAC9}.Debug|Any CPU.ActiveCfg = Debug|Any CPU
		{99D6EF2B-B1AF-42DE-A152-D27C6D9EFAC9}.Debug|Any CPU.Build.0 = Debug|Any CPU
		{99D6EF2B-B1AF-42DE-A152-D27C6D9EFAC9}.Release|Any CPU.ActiveCfg = Release|Any CPU
		{99D6EF2B-B1AF-42DE-A152-D27C6D9EFAC9}.Release|Any CPU.Build.0 = Release|Any CPU
		{05300AD8-1CDD-4749-BA8F-3EFE70457AD8}.Debug|Any CPU.ActiveCfg = Debug|Any CPU
		{05300AD8-1CDD-4749-BA8F-3EFE70457AD8}.Debug|Any CPU.Build.0 = Debug|Any CPU
		{05300AD8-1CDD-4749-BA8F-3EFE70457AD8}.Release|Any CPU.ActiveCfg = Release|Any CPU
		{05300AD8-1CDD-4749-BA8F-3EFE70457AD8}.Release|Any CPU.Build.0 = Release|Any CPU
		{6B070998-F60C-4FD4-966F-CDD553D54E16}.Debug|Any CPU.ActiveCfg = Debug|Any CPU
		{6B070998-F60C-4FD4-966F-CDD553D54E16}.Debug|Any CPU.Build.0 = Debug|Any CPU
		{6B070998-F60C-4FD4-966F-CDD553D54E16}.Release|Any CPU.ActiveCfg = Release|Any CPU
		{6B070998-F60C-4FD4-966F-CDD553D54E16}.Release|Any CPU.Build.0 = Release|Any CPU
		{82AD31E4-2C19-490B-B6AB-AFB1F9278A37}.Debug|Any CPU.ActiveCfg = Debug|Any CPU
		{82AD31E4-2C19-490B-B6AB-AFB1F9278A37}.Debug|Any CPU.Build.0 = Debug|Any CPU
		{82AD31E4-2C19-490B-B6AB-AFB1F9278A37}.Release|Any CPU.ActiveCfg = Release|Any CPU
		{82AD31E4-2C19-490B-B6AB-AFB1F9278A37}.Release|Any CPU.Build.0 = Release|Any CPU
	EndGlobalSection
	GlobalSection(SolutionProperties) = preSolution
		HideSolutionNode = FALSE
	EndGlobalSection
	GlobalSection(ExtensibilityGlobals) = postSolution
		SolutionGuid = {B45B6259-AC0C-4963-94B5-1EE1F7044C10}
	EndGlobalSection
EndGlobal
