
Microsoft Visual Studio Solution File, Format Version 12.00
# Visual Studio Express 2013 for Web
VisualStudioVersion = 12.0.30723.0
MinimumVisualStudioVersion = 10.0.40219.1
Project("{FAE04EC0-301F-11D3-BF4B-00C04F79EFBC}") = "Apresentacao", "WebApplication1\Apresentacao.csproj", "{6ABBE13E-1EBC-4F9C-8F85-79BBB58974A0}"
EndProject
Project("{FAE04EC0-301F-11D3-BF4B-00C04F79EFBC}") = "Entities", "Entities\Entities.csproj", "{74C2F5DC-8123-4753-813B-8A45658B629D}"
EndProject
Project("{FAE04EC0-301F-11D3-BF4B-00C04F79EFBC}") = "DAO", "DAO\DAO.csproj", "{CE2D3C10-CFE3-47F9-9535-16579AFB3BB9}"
EndProject
Project("{FAE04EC0-301F-11D3-BF4B-00C04F79EFBC}") = "BO", "BO\BO.csproj", "{99D6EF2B-B1AF-42DE-A152-D27C6D9EFAC9}"
EndProject
Project("{FAE04EC0-301F-11D3-BF4B-00C04F79EFBC}") = "Interfaces", "Interfaces\Interfaces.csproj", "{AB76DDCE-CEDF-47FF-9D4C-95FB1FEC97A3}"
EndProject
Global
	GlobalSection(SolutionConfigurationPlatforms) = preSolution
		Debug|Any CPU = Debug|Any CPU
		Release|Any CPU = Release|Any CPU
	EndGlobalSection
	GlobalSection(ProjectConfigurationPlatforms) = postSolution
		{6ABBE13E-1EBC-4F9C-8F85-79BBB58974A0}.Debug|Any CPU.ActiveCfg = Debug|Any CPU
		{6ABBE13E-1EBC-4F9C-8F85-79BBB58974A0}.Debug|Any CPU.Build.0 = Debug|Any CPU
		{6ABBE13E-1EBC-4F9C-8F85-79BBB58974A0}.Release|Any CPU.ActiveCfg = Release|Any CPU
		{6ABBE13E-1EBC-4F9C-8F85-79BBB58974A0}.Release|Any CPU.Build.0 = Release|Any CPU
		{74C2F5DC-8123-4753-813B-8A45658B629D}.Debug|Any CPU.ActiveCfg = Debug|Any CPU
		{74C2F5DC-8123-4753-813B-8A45658B629D}.Debug|Any CPU.Build.0 = Debug|Any CPU
		{74C2F5DC-8123-4753-813B-8A45658B629D}.Release|Any CPU.ActiveCfg = Release|Any CPU
		{74C2F5DC-8123-4753-813B-8A45658B629D}.Release|Any CPU.Build.0 = Release|Any CPU
		{CE2D3C10-CFE3-47F9-9535-16579AFB3BB9}.Debug|Any CPU.ActiveCfg = Debug|Any CPU
		{CE2D3C10-CFE3-47F9-9535-16579AFB3BB9}.Debug|Any CPU.Build.0 = Debug|Any CPU
		{CE2D3C10-CFE3-47F9-9535-16579AFB3BB9}.Release|Any CPU.ActiveCfg = Release|Any CPU
		{CE2D3C10-CFE3-47F9-9535-16579AFB3BB9}.Release|Any CPU.Build.0 = Release|Any CPU
		{99D6EF2B-B1AF-42DE-A152-D27C6D9EFAC9}.Debug|Any CPU.ActiveCfg = Debug|Any CPU
		{99D6EF2B-B1AF-42DE-A152-D27C6D9EFAC9}.Debug|Any CPU.Build.0 = Debug|Any CPU
		{99D6EF2B-B1AF-42DE-A152-D27C6D9EFAC9}.Release|Any CPU.ActiveCfg = Release|Any CPU
		{99D6EF2B-B1AF-42DE-A152-D27C6D9EFAC9}.Release|Any CPU.Build.0 = Release|Any CPU
		{AB76DDCE-CEDF-47FF-9D4C-95FB1FEC97A3}.Debug|Any CPU.ActiveCfg = Debug|Any CPU
		{AB76DDCE-CEDF-47FF-9D4C-95FB1FEC97A3}.Debug|Any CPU.Build.0 = Debug|Any CPU
		{AB76DDCE-CEDF-47FF-9D4C-95FB1FEC97A3}.Release|Any CPU.ActiveCfg = Release|Any CPU
		{AB76DDCE-CEDF-47FF-9D4C-95FB1FEC97A3}.Release|Any CPU.Build.0 = Release|Any CPU
	EndGlobalSection
	GlobalSection(SolutionProperties) = preSolution
		HideSolutionNode = FALSE
	EndGlobalSection
EndGlobal
